
Microsoft Visual Studio Solution File, Format Version 12.00
# Visual Studio 15
VisualStudioVersion = 15.0.26430.12
MinimumVisualStudioVersion = 10.0.40219.1
Project("{888888A0-9F3D-457C-B088-3A5042F75D52}") = "main", "main\main.pyproj", "{46452E6D-922A-454B-94A5-9372F8DF87FE}"
EndProject
Global
	GlobalSection(SolutionConfigurationPlatforms) = preSolution
		Debug|Any CPU = Debug|Any CPU
		Release|Any CPU = Release|Any CPU
	EndGlobalSection
	GlobalSection(ProjectConfigurationPlatforms) = postSolution
		{46452E6D-922A-454B-94A5-9372F8DF87FE}.Debug|Any CPU.ActiveCfg = Debug|Any CPU
		{46452E6D-922A-454B-94A5-9372F8DF87FE}.Release|Any CPU.ActiveCfg = Release|Any CPU
		{46452E6D-922A-454B-94A5-9372F8DF87FE}.Release|Any CPU.Deploy.0 = Release|Any CPU
	EndGlobalSection
	GlobalSection(SolutionProperties) = preSolution
		HideSolutionNode = FALSE
	EndGlobalSection
EndGlobal
